// !$*UTF8*$!
{
	archiveVersion = 1;
	classes = {
	};
	objectVersion = 46;
	objects = {

/* Begin PBXBuildFile section */
		38A080EB1F066EAB00E801CC /* Utilities.swift in Sources */ = {isa = PBXBuildFile; fileRef = 38A080EA1F066EAB00E801CC /* Utilities.swift */; };
		38A080F31F06712500E801CC /* AnagramTests.swift in Sources */ = {isa = PBXBuildFile; fileRef = 38A080F21F06712500E801CC /* AnagramTests.swift */; };
		38A080FA1F06968E00E801CC /* main.swift in Sources */ = {isa = PBXBuildFile; fileRef = 38F87C3B1F0563D50039D5CA /* main.swift */; };
		38A080FB1F06969200E801CC /* Utilities.swift in Sources */ = {isa = PBXBuildFile; fileRef = 38A080EA1F066EAB00E801CC /* Utilities.swift */; };
		38F87C3C1F0563D50039D5CA /* main.swift in Sources */ = {isa = PBXBuildFile; fileRef = 38F87C3B1F0563D50039D5CA /* main.swift */; };
/* End PBXBuildFile section */

/* Begin PBXCopyFilesBuildPhase section */
		38F87C361F0563D50039D5CA /* CopyFiles */ = {
			isa = PBXCopyFilesBuildPhase;
			buildActionMask = 2147483647;
			dstPath = /usr/share/man/man1/;
			dstSubfolderSpec = 0;
			files = (
			);
			runOnlyForDeploymentPostprocessing = 1;
		};
/* End PBXCopyFilesBuildPhase section */

/* Begin PBXFileReference section */
		38A080EA1F066EAB00E801CC /* Utilities.swift */ = {isa = PBXFileReference; fileEncoding = 4; lastKnownFileType = sourcecode.swift; path = Utilities.swift; sourceTree = "<group>"; };
		38A080F01F06712500E801CC /* AnagramTests.xctest */ = {isa = PBXFileReference; explicitFileType = wrapper.cfbundle; includeInIndex = 0; path = AnagramTests.xctest; sourceTree = BUILT_PRODUCTS_DIR; };
		38A080F21F06712500E801CC /* AnagramTests.swift */ = {isa = PBXFileReference; lastKnownFileType = sourcecode.swift; path = AnagramTests.swift; sourceTree = "<group>"; };
		38A080F41F06712500E801CC /* Info.plist */ = {isa = PBXFileReference; lastKnownFileType = text.plist.xml; path = Info.plist; sourceTree = "<group>"; };
		38F87C381F0563D50039D5CA /* Anagram */ = {isa = PBXFileReference; explicitFileType = "compiled.mach-o.executable"; includeInIndex = 0; path = Anagram; sourceTree = BUILT_PRODUCTS_DIR; };
		38F87C3B1F0563D50039D5CA /* main.swift */ = {isa = PBXFileReference; lastKnownFileType = sourcecode.swift; path = main.swift; sourceTree = "<group>"; };
/* End PBXFileReference section */

/* Begin PBXFrameworksBuildPhase section */
		38A080ED1F06712500E801CC /* Frameworks */ = {
			isa = PBXFrameworksBuildPhase;
			buildActionMask = 2147483647;
			files = (
			);
			runOnlyForDeploymentPostprocessing = 0;
		};
		38F87C351F0563D50039D5CA /* Frameworks */ = {
			isa = PBXFrameworksBuildPhase;
			buildActionMask = 2147483647;
			files = (
			);
			runOnlyForDeploymentPostprocessing = 0;
		};
/* End PBXFrameworksBuildPhase section */

/* Begin PBXGroup section */
		38A080F11F06712500E801CC /* AnagramTests */ = {
			isa = PBXGroup;
			children = (
				38A080F21F06712500E801CC /* AnagramTests.swift */,
				38A080F41F06712500E801CC /* Info.plist */,
			);
			path = AnagramTests;
			sourceTree = "<group>";
		};
		38F87C2F1F0563D50039D5CA = {
			isa = PBXGroup;
			children = (
				38F87C3A1F0563D50039D5CA /* Anagram */,
				38A080F11F06712500E801CC /* AnagramTests */,
				38F87C391F0563D50039D5CA /* Products */,
			);
			sourceTree = "<group>";
		};
		38F87C391F0563D50039D5CA /* Products */ = {
			isa = PBXGroup;
			children = (
				38F87C381F0563D50039D5CA /* Anagram */,
				38A080F01F06712500E801CC /* AnagramTests.xctest */,
			);
			name = Products;
			sourceTree = "<group>";
		};
		38F87C3A1F0563D50039D5CA /* Anagram */ = {
			isa = PBXGroup;
			children = (
				38F87C3B1F0563D50039D5CA /* main.swift */,
				38A080EA1F066EAB00E801CC /* Utilities.swift */,
			);
			path = Anagram;
			sourceTree = "<group>";
		};
/* End PBXGroup section */

/* Begin PBXNativeTarget section */
		38A080EF1F06712500E801CC /* AnagramTests */ = {
			isa = PBXNativeTarget;
			buildConfigurationList = 38A080F71F06712500E801CC /* Build configuration list for PBXNativeTarget "AnagramTests" */;
			buildPhases = (
				38A080EC1F06712500E801CC /* Sources */,
				38A080ED1F06712500E801CC /* Frameworks */,
				38A080EE1F06712500E801CC /* Resources */,
			);
			buildRules = (
			);
			dependencies = (
			);
			name = AnagramTests;
			productName = AnagramTests;
			productReference = 38A080F01F06712500E801CC /* AnagramTests.xctest */;
			productType = "com.apple.product-type.bundle.unit-test";
		};
		38F87C371F0563D50039D5CA /* Anagram */ = {
			isa = PBXNativeTarget;
			buildConfigurationList = 38F87C3F1F0563D50039D5CA /* Build configuration list for PBXNativeTarget "Anagram" */;
			buildPhases = (
				38F87C341F0563D50039D5CA /* Sources */,
				38F87C351F0563D50039D5CA /* Frameworks */,
				38F87C361F0563D50039D5CA /* CopyFiles */,
			);
			buildRules = (
			);
			dependencies = (
			);
			name = Anagram;
			productName = Anagram;
			productReference = 38F87C381F0563D50039D5CA /* Anagram */;
			productType = "com.apple.product-type.tool";
		};
/* End PBXNativeTarget section */

/* Begin PBXProject section */
		38F87C301F0563D50039D5CA /* Project object */ = {
			isa = PBXProject;
			attributes = {
				LastSwiftUpdateCheck = 0830;
				LastUpgradeCheck = 0830;
				ORGANIZATIONNAME = "Jim Rhoades";
				TargetAttributes = {
					38A080EF1F06712500E801CC = {
						CreatedOnToolsVersion = 8.3.3;
						DevelopmentTeam = 45ZZCTM637;
						ProvisioningStyle = Automatic;
					};
					38F87C371F0563D50039D5CA = {
						CreatedOnToolsVersion = 8.3.3;
						DevelopmentTeam = 45ZZCTM637;
						ProvisioningStyle = Automatic;
					};
				};
			};
			buildConfigurationList = 38F87C331F0563D50039D5CA /* Build configuration list for PBXProject "Anagram" */;
			compatibilityVersion = "Xcode 3.2";
			developmentRegion = English;
			hasScannedForEncodings = 0;
			knownRegions = (
				en,
			);
			mainGroup = 38F87C2F1F0563D50039D5CA;
			productRefGroup = 38F87C391F0563D50039D5CA /* Products */;
			projectDirPath = "";
			projectRoot = "";
			targets = (
				38F87C371F0563D50039D5CA /* Anagram */,
				38A080EF1F06712500E801CC /* AnagramTests */,
			);
		};
/* End PBXProject section */

/* Begin PBXResourcesBuildPhase section */
		38A080EE1F06712500E801CC /* Resources */ = {
			isa = PBXResourcesBuildPhase;
			buildActionMask = 2147483647;
			files = (
			);
			runOnlyForDeploymentPostprocessing = 0;
		};
/* End PBXResourcesBuildPhase section */

/* Begin PBXSourcesBuildPhase section */
		38A080EC1F06712500E801CC /* Sources */ = {
			isa = PBXSourcesBuildPhase;
			buildActionMask = 2147483647;
			files = (
				38A080FB1F06969200E801CC /* Utilities.swift in Sources */,
				38A080FA1F06968E00E801CC /* main.swift in Sources */,
				38A080F31F06712500E801CC /* AnagramTests.swift in Sources */,
			);
			runOnlyForDeploymentPostprocessing = 0;
		};
		38F87C341F0563D50039D5CA /* Sources */ = {
			isa = PBXSourcesBuildPhase;
			buildActionMask = 2147483647;
			files = (
				38A080EB1F066EAB00E801CC /* Utilities.swift in Sources */,
				38F87C3C1F0563D50039D5CA /* main.swift in Sources */,
			);
			runOnlyForDeploymentPostprocessing = 0;
		};
/* End PBXSourcesBuildPhase section */

/* Begin XCBuildConfiguration section */
		38A080F51F06712500E801CC /* Debug */ = {
			isa = XCBuildConfiguration;
			buildSettings = {
				COMBINE_HIDPI_IMAGES = YES;
				DEVELOPMENT_TEAM = 45ZZCTM637;
				INFOPLIST_FILE = AnagramTests/Info.plist;
				LD_RUNPATH_SEARCH_PATHS = "$(inherited) @executable_path/../Frameworks @loader_path/../Frameworks";
				PRODUCT_BUNDLE_IDENTIFIER = com.crushapps.AnagramTests;
				PRODUCT_NAME = "$(TARGET_NAME)";
				SWIFT_ACTIVE_COMPILATION_CONDITIONS = DEBUG;
				SWIFT_VERSION = 3.0;
			};
			name = Debug;
		};
		38A080F61F06712500E801CC /* Release */ = {
			isa = XCBuildConfiguration;
			buildSettings = {
				COMBINE_HIDPI_IMAGES = YES;
				DEVELOPMENT_TEAM = 45ZZCTM637;
				INFOPLIST_FILE = AnagramTests/Info.plist;
				LD_RUNPATH_SEARCH_PATHS = "$(inherited) @executable_path/../Frameworks @loader_path/../Frameworks";
				PRODUCT_BUNDLE_IDENTIFIER = com.crushapps.AnagramTests;
				PRODUCT_NAME = "$(TARGET_NAME)";
				SWIFT_OPTIMIZATION_LEVEL = "-Owholemodule";
				SWIFT_VERSION = 3.0;
			};
			name = Release;
		};
		38F87C3D1F0563D50039D5CA /* Debug */ = {
			isa = XCBuildConfiguration;
			buildSettings = {
				ALWAYS_SEARCH_USER_PATHS = NO;
				CLANG_ANALYZER_NONNULL = YES;
				CLANG_ANALYZER_NUMBER_OBJECT_CONVERSION = YES_AGGRESSIVE;
				CLANG_CXX_LANGUAGE_STANDARD = "gnu++0x";
				CLANG_CXX_LIBRARY = "libc++";
				CLANG_ENABLE_MODULES = YES;
				CLANG_ENABLE_OBJC_ARC = YES;
				CLANG_WARN_BOOL_CONVERSION = YES;
				CLANG_WARN_CONSTANT_CONVERSION = YES;
				CLANG_WARN_DIRECT_OBJC_ISA_USAGE = YES_ERROR;
				CLANG_WARN_DOCUMENTATION_COMMENTS = YES;
				CLANG_WARN_EMPTY_BODY = YES;
				CLANG_WARN_ENUM_CONVERSION = YES;
				CLANG_WARN_INFINITE_RECURSION = YES;
				CLANG_WARN_INT_CONVERSION = YES;
				CLANG_WARN_OBJC_ROOT_CLASS = YES_ERROR;
				CLANG_WARN_SUSPICIOUS_MOVE = YES;
				CLANG_WARN_UNREACHABLE_CODE = YES;
				CLANG_WARN__DUPLICATE_METHOD_MATCH = YES;
				CODE_SIGN_IDENTITY = "-";
				COPY_PHASE_STRIP = NO;
				DEBUG_INFORMATION_FORMAT = dwarf;
				ENABLE_STRICT_OBJC_MSGSEND = YES;
				ENABLE_TESTABILITY = YES;
				GCC_C_LANGUAGE_STANDARD = gnu99;
				GCC_DYNAMIC_NO_PIC = NO;
				GCC_NO_COMMON_BLOCKS = YES;
				GCC_OPTIMIZATION_LEVEL = 0;
				GCC_PREPROCESSOR_DEFINITIONS = (
					"DEBUG=1",
					"$(inherited)",
				);
				GCC_WARN_64_TO_32_BIT_CONVERSION = YES;
				GCC_WARN_ABOUT_RETURN_TYPE = YES_ERROR;
				GCC_WARN_UNDECLARED_SELECTOR = YES;
				GCC_WARN_UNINITIALIZED_AUTOS = YES_AGGRESSIVE;
				GCC_WARN_UNUSED_FUNCTION = YES;
				GCC_WARN_UNUSED_VARIABLE = YES;
				MACOSX_DEPLOYMENT_TARGET = 10.12;
				MTL_ENABLE_DEBUG_INFO = YES;
				ONLY_ACTIVE_ARCH = YES;
				SDKROOT = macosx;
				SWIFT_OPTIMIZATION_LEVEL = "-Onone";
			};
			name = Debug;
		};
		38F87C3E1F0563D50039D5CA /* Release */ = {
			isa = XCBuildConfiguration;
			buildSettings = {
				ALWAYS_SEARCH_USER_PATHS = NO;
				CLANG_ANALYZER_NONNULL = YES;
				CLANG_ANALYZER_NUMBER_OBJECT_CONVERSION = YES_AGGRESSIVE;
				CLANG_CXX_LANGUAGE_STANDARD = "gnu++0x";
				CLANG_CXX_LIBRARY = "libc++";
				CLANG_ENABLE_MODULES = YES;
				CLANG_ENABLE_OBJC_ARC = YES;
				CLANG_WARN_BOOL_CONVERSION = YES;
				CLANG_WARN_CONSTANT_CONVERSION = YES;
				CLANG_WARN_DIRECT_OBJC_ISA_USAGE = YES_ERROR;
				CLANG_WARN_DOCUMENTATION_COMMENTS = YES;
				CLANG_WARN_EMPTY_BODY = YES;
				CLANG_WARN_ENUM_CONVERSION = YES;
				CLANG_WARN_INFINITE_RECURSION = YES;
				CLANG_WARN_INT_CONVERSION = YES;
				CLANG_WARN_OBJC_ROOT_CLASS = YES_ERROR;
				CLANG_WARN_SUSPICIOUS_MOVE = YES;
				CLANG_WARN_UNREACHABLE_CODE = YES;
				CLANG_WARN__DUPLICATE_METHOD_MATCH = YES;
				CODE_SIGN_IDENTITY = "-";
				COPY_PHASE_STRIP = NO;
				DEBUG_INFORMATION_FORMAT = "dwarf-with-dsym";
				ENABLE_NS_ASSERTIONS = NO;
				ENABLE_STRICT_OBJC_MSGSEND = YES;
				GCC_C_LANGUAGE_STANDARD = gnu99;
				GCC_NO_COMMON_BLOCKS = YES;
				GCC_WARN_64_TO_32_BIT_CONVERSION = YES;
				GCC_WARN_ABOUT_RETURN_TYPE = YES_ERROR;
				GCC_WARN_UNDECLARED_SELECTOR = YES;
				GCC_WARN_UNINITIALIZED_AUTOS = YES_AGGRESSIVE;
				GCC_WARN_UNUSED_FUNCTION = YES;
				GCC_WARN_UNUSED_VARIABLE = YES;
				MACOSX_DEPLOYMENT_TARGET = 10.12;
				MTL_ENABLE_DEBUG_INFO = NO;
				SDKROOT = macosx;
			};
			name = Release;
		};
		38F87C401F0563D50039D5CA /* Debug */ = {
			isa = XCBuildConfiguration;
			buildSettings = {
				DEVELOPMENT_TEAM = 45ZZCTM637;
				PRODUCT_NAME = "$(TARGET_NAME)";
				SWIFT_VERSION = 3.0;
			};
			name = Debug;
		};
		38F87C411F0563D50039D5CA /* Release */ = {
			isa = XCBuildConfiguration;
			buildSettings = {
				DEVELOPMENT_TEAM = 45ZZCTM637;
				PRODUCT_NAME = "$(TARGET_NAME)";
				SWIFT_VERSION = 3.0;
			};
			name = Release;
		};
/* End XCBuildConfiguration section */

/* Begin XCConfigurationList section */
		38A080F71F06712500E801CC /* Build configuration list for PBXNativeTarget "AnagramTests" */ = {
			isa = XCConfigurationList;
			buildConfigurations = (
				38A080F51F06712500E801CC /* Debug */,
				38A080F61F06712500E801CC /* Release */,
			);
			defaultConfigurationIsVisible = 0;
		};
		38F87C331F0563D50039D5CA /* Build configuration list for PBXProject "Anagram" */ = {
			isa = XCConfigurationList;
			buildConfigurations = (
				38F87C3D1F0563D50039D5CA /* Debug */,
				38F87C3E1F0563D50039D5CA /* Release */,
			);
			defaultConfigurationIsVisible = 0;
			defaultConfigurationName = Release;
		};
		38F87C3F1F0563D50039D5CA /* Build configuration list for PBXNativeTarget "Anagram" */ = {
			isa = XCConfigurationList;
			buildConfigurations = (
				38F87C401F0563D50039D5CA /* Debug */,
				38F87C411F0563D50039D5CA /* Release */,
			);
			defaultConfigurationIsVisible = 0;
			defaultConfigurationName = Release;
		};
/* End XCConfigurationList section */
	};
	rootObject = 38F87C301F0563D50039D5CA /* Project object */;
}
